
Microsoft Visual Studio Solution File, Format Version 12.00
# Visual Studio Version 16
VisualStudioVersion = 16.0.29905.134
MinimumVisualStudioVersion = 10.0.40219.1
Project("{9A19103F-16F7-4668-BE54-9A1E7A4F7556}") = "ConsoleApp1", "ConsoleApp1\ConsoleApp1.csproj", "{2A59B74B-3870-41AB-B7D7-538C74BA416E}"
EndProject
Project("{9A19103F-16F7-4668-BE54-9A1E7A4F7556}") = "BogNMB.API", "BogNMB.API\BogNMB.API.csproj", "{17BA3150-91C6-401E-BF05-A63D1B88CECC}"
EndProject
Project("{FAE04EC0-301F-11D3-BF4B-00C04F79EFBC}") = "BogNMB.UWP", "BogNMB.UWP\BogNMB.UWP.csproj", "{B7EB20CD-9D8D-4615-BB22-C1239AD25C2F}"
EndProject
Project("{9A19103F-16F7-4668-BE54-9A1E7A4F7556}") = "BogNMB.API.Test", "BogNMB.API.Test\BogNMB.API.Test.csproj", "{2097F786-5F6D-4C3B-B301-6E97894B77DD}"
EndProject
Project("{2150E333-8FDC-42A3-9474-1A3956D46DE8}") = "Solution Items", "Solution Items", "{362B9F42-9C89-49D6-9427-CE7DECE314D5}"
	ProjectSection(SolutionItems) = preProject
		README.md = README.md
	EndProjectSection
EndProject
Project("{FAE04EC0-301F-11D3-BF4B-00C04F79EFBC}") = "HTMLRenderer", "HTMLRenderer\HTMLRenderer.csproj", "{E7F39EE9-3B4B-46C3-901C-5CFF953AEFF1}"
EndProject
Global
	GlobalSection(SolutionConfigurationPlatforms) = preSolution
		Debug|Any CPU = Debug|Any CPU
		Debug|ARM = Debug|ARM
		Debug|ARM64 = Debug|ARM64
		Debug|x64 = Debug|x64
		Debug|x86 = Debug|x86
		Release|Any CPU = Release|Any CPU
		Release|ARM = Release|ARM
		Release|ARM64 = Release|ARM64
		Release|x64 = Release|x64
		Release|x86 = Release|x86
	EndGlobalSection
	GlobalSection(ProjectConfigurationPlatforms) = postSolution
		{2A59B74B-3870-41AB-B7D7-538C74BA416E}.Debug|Any CPU.ActiveCfg = Debug|Any CPU
		{2A59B74B-3870-41AB-B7D7-538C74BA416E}.Debug|Any CPU.Build.0 = Debug|Any CPU
		{2A59B74B-3870-41AB-B7D7-538C74BA416E}.Debug|ARM.ActiveCfg = Debug|Any CPU
		{2A59B74B-3870-41AB-B7D7-538C74BA416E}.Debug|ARM.Build.0 = Debug|Any CPU
		{2A59B74B-3870-41AB-B7D7-538C74BA416E}.Debug|ARM64.ActiveCfg = Debug|Any CPU
		{2A59B74B-3870-41AB-B7D7-538C74BA416E}.Debug|ARM64.Build.0 = Debug|Any CPU
		{2A59B74B-3870-41AB-B7D7-538C74BA416E}.Debug|x64.ActiveCfg = Debug|Any CPU
		{2A59B74B-3870-41AB-B7D7-538C74BA416E}.Debug|x64.Build.0 = Debug|Any CPU
		{2A59B74B-3870-41AB-B7D7-538C74BA416E}.Debug|x86.ActiveCfg = Debug|Any CPU
		{2A59B74B-3870-41AB-B7D7-538C74BA416E}.Debug|x86.Build.0 = Debug|Any CPU
		{2A59B74B-3870-41AB-B7D7-538C74BA416E}.Release|Any CPU.ActiveCfg = Release|Any CPU
		{2A59B74B-3870-41AB-B7D7-538C74BA416E}.Release|Any CPU.Build.0 = Release|Any CPU
		{2A59B74B-3870-41AB-B7D7-538C74BA416E}.Release|ARM.ActiveCfg = Release|Any CPU
		{2A59B74B-3870-41AB-B7D7-538C74BA416E}.Release|ARM.Build.0 = Release|Any CPU
		{2A59B74B-3870-41AB-B7D7-538C74BA416E}.Release|ARM64.ActiveCfg = Release|Any CPU
		{2A59B74B-3870-41AB-B7D7-538C74BA416E}.Release|ARM64.Build.0 = Release|Any CPU
		{2A59B74B-3870-41AB-B7D7-538C74BA416E}.Release|x64.ActiveCfg = Release|Any CPU
		{2A59B74B-3870-41AB-B7D7-538C74BA416E}.Release|x64.Build.0 = Release|Any CPU
		{2A59B74B-3870-41AB-B7D7-538C74BA416E}.Release|x86.ActiveCfg = Release|Any CPU
		{2A59B74B-3870-41AB-B7D7-538C74BA416E}.Release|x86.Build.0 = Release|Any CPU
		{17BA3150-91C6-401E-BF05-A63D1B88CECC}.Debug|Any CPU.ActiveCfg = Debug|Any CPU
		{17BA3150-91C6-401E-BF05-A63D1B88CECC}.Debug|Any CPU.Build.0 = Debug|Any CPU
		{17BA3150-91C6-401E-BF05-A63D1B88CECC}.Debug|ARM.ActiveCfg = Debug|Any CPU
		{17BA3150-91C6-401E-BF05-A63D1B88CECC}.Debug|ARM.Build.0 = Debug|Any CPU
		{17BA3150-91C6-401E-BF05-A63D1B88CECC}.Debug|ARM64.ActiveCfg = Debug|Any CPU
		{17BA3150-91C6-401E-BF05-A63D1B88CECC}.Debug|ARM64.Build.0 = Debug|Any CPU
		{17BA3150-91C6-401E-BF05-A63D1B88CECC}.Debug|x64.ActiveCfg = Debug|Any CPU
		{17BA3150-91C6-401E-BF05-A63D1B88CECC}.Debug|x64.Build.0 = Debug|Any CPU
		{17BA3150-91C6-401E-BF05-A63D1B88CECC}.Debug|x86.ActiveCfg = Debug|Any CPU
		{17BA3150-91C6-401E-BF05-A63D1B88CECC}.Debug|x86.Build.0 = Debug|Any CPU
		{17BA3150-91C6-401E-BF05-A63D1B88CECC}.Release|Any CPU.ActiveCfg = Release|Any CPU
		{17BA3150-91C6-401E-BF05-A63D1B88CECC}.Release|Any CPU.Build.0 = Release|Any CPU
		{17BA3150-91C6-401E-BF05-A63D1B88CECC}.Release|ARM.ActiveCfg = Release|Any CPU
		{17BA3150-91C6-401E-BF05-A63D1B88CECC}.Release|ARM.Build.0 = Release|Any CPU
		{17BA3150-91C6-401E-BF05-A63D1B88CECC}.Release|ARM64.ActiveCfg = Release|Any CPU
		{17BA3150-91C6-401E-BF05-A63D1B88CECC}.Release|ARM64.Build.0 = Release|Any CPU
		{17BA3150-91C6-401E-BF05-A63D1B88CECC}.Release|x64.ActiveCfg = Release|Any CPU
		{17BA3150-91C6-401E-BF05-A63D1B88CECC}.Release|x64.Build.0 = Release|Any CPU
		{17BA3150-91C6-401E-BF05-A63D1B88CECC}.Release|x86.ActiveCfg = Release|Any CPU
		{17BA3150-91C6-401E-BF05-A63D1B88CECC}.Release|x86.Build.0 = Release|Any CPU
		{B7EB20CD-9D8D-4615-BB22-C1239AD25C2F}.Debug|Any CPU.ActiveCfg = Debug|x86
		{B7EB20CD-9D8D-4615-BB22-C1239AD25C2F}.Debug|ARM.ActiveCfg = Debug|ARM
		{B7EB20CD-9D8D-4615-BB22-C1239AD25C2F}.Debug|ARM.Build.0 = Debug|ARM
		{B7EB20CD-9D8D-4615-BB22-C1239AD25C2F}.Debug|ARM.Deploy.0 = Debug|ARM
		{B7EB20CD-9D8D-4615-BB22-C1239AD25C2F}.Debug|ARM64.ActiveCfg = Debug|ARM64
		{B7EB20CD-9D8D-4615-BB22-C1239AD25C2F}.Debug|ARM64.Build.0 = Debug|ARM64
		{B7EB20CD-9D8D-4615-BB22-C1239AD25C2F}.Debug|ARM64.Deploy.0 = Debug|ARM64
		{B7EB20CD-9D8D-4615-BB22-C1239AD25C2F}.Debug|x64.ActiveCfg = Debug|x64
		{B7EB20CD-9D8D-4615-BB22-C1239AD25C2F}.Debug|x64.Build.0 = Debug|x64
		{B7EB20CD-9D8D-4615-BB22-C1239AD25C2F}.Debug|x64.Deploy.0 = Debug|x64
		{B7EB20CD-9D8D-4615-BB22-C1239AD25C2F}.Debug|x86.ActiveCfg = Debug|x86
		{B7EB20CD-9D8D-4615-BB22-C1239AD25C2F}.Debug|x86.Build.0 = Debug|x86
		{B7EB20CD-9D8D-4615-BB22-C1239AD25C2F}.Debug|x86.Deploy.0 = Debug|x86
		{B7EB20CD-9D8D-4615-BB22-C1239AD25C2F}.Release|Any CPU.ActiveCfg = Release|x86
		{B7EB20CD-9D8D-4615-BB22-C1239AD25C2F}.Release|ARM.ActiveCfg = Release|ARM
		{B7EB20CD-9D8D-4615-BB22-C1239AD25C2F}.Release|ARM.Build.0 = Release|ARM
		{B7EB20CD-9D8D-4615-BB22-C1239AD25C2F}.Release|ARM.Deploy.0 = Release|ARM
		{B7EB20CD-9D8D-4615-BB22-C1239AD25C2F}.Release|ARM64.ActiveCfg = Release|ARM64
		{B7EB20CD-9D8D-4615-BB22-C1239AD25C2F}.Release|ARM64.Build.0 = Release|ARM64
		{B7EB20CD-9D8D-4615-BB22-C1239AD25C2F}.Release|ARM64.Deploy.0 = Release|ARM64
		{B7EB20CD-9D8D-4615-BB22-C1239AD25C2F}.Release|x64.ActiveCfg = Release|x64
		{B7EB20CD-9D8D-4615-BB22-C1239AD25C2F}.Release|x64.Build.0 = Release|x64
		{B7EB20CD-9D8D-4615-BB22-C1239AD25C2F}.Release|x64.Deploy.0 = Release|x64
		{B7EB20CD-9D8D-4615-BB22-C1239AD25C2F}.Release|x86.ActiveCfg = Release|x86
		{B7EB20CD-9D8D-4615-BB22-C1239AD25C2F}.Release|x86.Build.0 = Release|x86
		{B7EB20CD-9D8D-4615-BB22-C1239AD25C2F}.Release|x86.Deploy.0 = Release|x86
		{2097F786-5F6D-4C3B-B301-6E97894B77DD}.Debug|Any CPU.ActiveCfg = Debug|Any CPU
		{2097F786-5F6D-4C3B-B301-6E97894B77DD}.Debug|Any CPU.Build.0 = Debug|Any CPU
		{2097F786-5F6D-4C3B-B301-6E97894B77DD}.Debug|ARM.ActiveCfg = Debug|Any CPU
		{2097F786-5F6D-4C3B-B301-6E97894B77DD}.Debug|ARM.Build.0 = Debug|Any CPU
		{2097F786-5F6D-4C3B-B301-6E97894B77DD}.Debug|ARM64.ActiveCfg = Debug|Any CPU
		{2097F786-5F6D-4C3B-B301-6E97894B77DD}.Debug|ARM64.Build.0 = Debug|Any CPU
		{2097F786-5F6D-4C3B-B301-6E97894B77DD}.Debug|x64.ActiveCfg = Debug|Any CPU
		{2097F786-5F6D-4C3B-B301-6E97894B77DD}.Debug|x64.Build.0 = Debug|Any CPU
		{2097F786-5F6D-4C3B-B301-6E97894B77DD}.Debug|x86.ActiveCfg = Debug|Any CPU
		{2097F786-5F6D-4C3B-B301-6E97894B77DD}.Debug|x86.Build.0 = Debug|Any CPU
		{2097F786-5F6D-4C3B-B301-6E97894B77DD}.Release|Any CPU.ActiveCfg = Release|Any CPU
		{2097F786-5F6D-4C3B-B301-6E97894B77DD}.Release|Any CPU.Build.0 = Release|Any CPU
		{2097F786-5F6D-4C3B-B301-6E97894B77DD}.Release|ARM.ActiveCfg = Release|Any CPU
		{2097F786-5F6D-4C3B-B301-6E97894B77DD}.Release|ARM.Build.0 = Release|Any CPU
		{2097F786-5F6D-4C3B-B301-6E97894B77DD}.Release|ARM64.ActiveCfg = Release|Any CPU
		{2097F786-5F6D-4C3B-B301-6E97894B77DD}.Release|ARM64.Build.0 = Release|Any CPU
		{2097F786-5F6D-4C3B-B301-6E97894B77DD}.Release|x64.ActiveCfg = Release|Any CPU
		{2097F786-5F6D-4C3B-B301-6E97894B77DD}.Release|x64.Build.0 = Release|Any CPU
		{2097F786-5F6D-4C3B-B301-6E97894B77DD}.Release|x86.ActiveCfg = Release|Any CPU
		{2097F786-5F6D-4C3B-B301-6E97894B77DD}.Release|x86.Build.0 = Release|Any CPU
		{E7F39EE9-3B4B-46C3-901C-5CFF953AEFF1}.Debug|Any CPU.ActiveCfg = Debug|x86
		{E7F39EE9-3B4B-46C3-901C-5CFF953AEFF1}.Debug|ARM.ActiveCfg = Debug|ARM
		{E7F39EE9-3B4B-46C3-901C-5CFF953AEFF1}.Debug|ARM.Build.0 = Debug|ARM
		{E7F39EE9-3B4B-46C3-901C-5CFF953AEFF1}.Debug|ARM.Deploy.0 = Debug|ARM
		{E7F39EE9-3B4B-46C3-901C-5CFF953AEFF1}.Debug|ARM64.ActiveCfg = Debug|ARM64
		{E7F39EE9-3B4B-46C3-901C-5CFF953AEFF1}.Debug|ARM64.Build.0 = Debug|ARM64
		{E7F39EE9-3B4B-46C3-901C-5CFF953AEFF1}.Debug|ARM64.Deploy.0 = Debug|ARM64
		{E7F39EE9-3B4B-46C3-901C-5CFF953AEFF1}.Debug|x64.ActiveCfg = Debug|x64
		{E7F39EE9-3B4B-46C3-901C-5CFF953AEFF1}.Debug|x64.Build.0 = Debug|x64
		{E7F39EE9-3B4B-46C3-901C-5CFF953AEFF1}.Debug|x64.Deploy.0 = Debug|x64
		{E7F39EE9-3B4B-46C3-901C-5CFF953AEFF1}.Debug|x86.ActiveCfg = Debug|x86
		{E7F39EE9-3B4B-46C3-901C-5CFF953AEFF1}.Debug|x86.Build.0 = Debug|x86
		{E7F39EE9-3B4B-46C3-901C-5CFF953AEFF1}.Debug|x86.Deploy.0 = Debug|x86
		{E7F39EE9-3B4B-46C3-901C-5CFF953AEFF1}.Release|Any CPU.ActiveCfg = Release|x86
		{E7F39EE9-3B4B-46C3-901C-5CFF953AEFF1}.Release|ARM.ActiveCfg = Release|ARM
		{E7F39EE9-3B4B-46C3-901C-5CFF953AEFF1}.Release|ARM.Build.0 = Release|ARM
		{E7F39EE9-3B4B-46C3-901C-5CFF953AEFF1}.Release|ARM.Deploy.0 = Release|ARM
		{E7F39EE9-3B4B-46C3-901C-5CFF953AEFF1}.Release|ARM64.ActiveCfg = Release|ARM64
		{E7F39EE9-3B4B-46C3-901C-5CFF953AEFF1}.Release|ARM64.Build.0 = Release|ARM64
		{E7F39EE9-3B4B-46C3-901C-5CFF953AEFF1}.Release|ARM64.Deploy.0 = Release|ARM64
		{E7F39EE9-3B4B-46C3-901C-5CFF953AEFF1}.Release|x64.ActiveCfg = Release|x64
		{E7F39EE9-3B4B-46C3-901C-5CFF953AEFF1}.Release|x64.Build.0 = Release|x64
		{E7F39EE9-3B4B-46C3-901C-5CFF953AEFF1}.Release|x64.Deploy.0 = Release|x64
		{E7F39EE9-3B4B-46C3-901C-5CFF953AEFF1}.Release|x86.ActiveCfg = Release|x86
		{E7F39EE9-3B4B-46C3-901C-5CFF953AEFF1}.Release|x86.Build.0 = Release|x86
		{E7F39EE9-3B4B-46C3-901C-5CFF953AEFF1}.Release|x86.Deploy.0 = Release|x86
	EndGlobalSection
	GlobalSection(SolutionProperties) = preSolution
		HideSolutionNode = FALSE
	EndGlobalSection
	GlobalSection(ExtensibilityGlobals) = postSolution
		SolutionGuid = {ECE78659-7DB1-477E-A0D0-17136DC870B7}
	EndGlobalSection
EndGlobal
